
Microsoft Visual Studio Solution File, Format Version 12.00
# Visual Studio Version 17
VisualStudioVersion = 17.11.35312.102
MinimumVisualStudioVersion = 10.0.40219.1
Project("{B7DD6F7E-DEF8-4E67-B5B7-07EF123DB6F0}") = "XenDrivers", "XenDrivers.wixproj", "{5EBD6640-0CBA-435D-BEBC-93182D18213D}"
EndProject
Project("{9A19103F-16F7-4668-BE54-9A1E7A4F7556}") = "DriverInstallCustomAction", "..\DriverInstallCustomAction\DriverInstallCustomAction.csproj", "{EF921460-97E4-4EF0-92D5-BD9ABA124022}"
EndProject
Project("{9A19103F-16F7-4668-BE54-9A1E7A4F7556}") = "XenDriverUtils", "..\XenDriverUtils\XenDriverUtils.csproj", "{1118970F-0929-4D5F-BDB2-54B2EDF42EF6}"
EndProject
Project("{9A19103F-16F7-4668-BE54-9A1E7A4F7556}") = "XenClean", "..\XenClean\XenClean.csproj", "{0A953795-5150-4B83-85F9-FB906C8A6297}"
EndProject
Project("{2150E333-8FDC-42A3-9474-1A3956D46DE8}") = "Solution Items", "Solution Items", "{84018E1C-644B-466C-9788-939A31987B36}"
	ProjectSection(SolutionItems) = preProject
		..\branding.ps1 = ..\branding.ps1
	EndProjectSection
EndProject
Project("{8BC9CEB8-8B4A-11D0-8D11-00A0C91BC942}") = "XenBootFix", "..\XenBootFix\XenBootFix.vcxproj", "{018433AB-F981-4625-8E23-6B3F22B7E5CF}"
EndProject
Project("{8BC9CEB8-8B4A-11D0-8D11-00A0C91BC942}") = "SBUpdate", "..\SBUpdate\SBUpdate.vcxproj", "{0972C789-7FA6-4ECC-A40B-71192B1BBF29}"
EndProject
Project("{FAE04EC0-301F-11D3-BF4B-00C04F79EFBC}") = "HlkxSigner", "..\HlkxSigner\HlkxSigner.csproj", "{91C46976-B8F0-4573-9C71-C8077C259B88}"
EndProject
Global
	GlobalSection(SolutionConfigurationPlatforms) = preSolution
		Debug|ARM64 = Debug|ARM64
		Debug|x64 = Debug|x64
		Debug|x86 = Debug|x86
		Release|ARM64 = Release|ARM64
		Release|x64 = Release|x64
		Release|x86 = Release|x86
	EndGlobalSection
	GlobalSection(ProjectConfigurationPlatforms) = postSolution
		{5EBD6640-0CBA-435D-BEBC-93182D18213D}.Debug|ARM64.ActiveCfg = Debug|ARM64
		{5EBD6640-0CBA-435D-BEBC-93182D18213D}.Debug|ARM64.Build.0 = Debug|ARM64
		{5EBD6640-0CBA-435D-BEBC-93182D18213D}.Debug|x64.ActiveCfg = Debug|x64
		{5EBD6640-0CBA-435D-BEBC-93182D18213D}.Debug|x64.Build.0 = Debug|x64
		{5EBD6640-0CBA-435D-BEBC-93182D18213D}.Debug|x86.ActiveCfg = Debug|x86
		{5EBD6640-0CBA-435D-BEBC-93182D18213D}.Debug|x86.Build.0 = Debug|x86
		{5EBD6640-0CBA-435D-BEBC-93182D18213D}.Release|ARM64.ActiveCfg = Release|ARM64
		{5EBD6640-0CBA-435D-BEBC-93182D18213D}.Release|ARM64.Build.0 = Release|ARM64
		{5EBD6640-0CBA-435D-BEBC-93182D18213D}.Release|x64.ActiveCfg = Release|x64
		{5EBD6640-0CBA-435D-BEBC-93182D18213D}.Release|x64.Build.0 = Release|x64
		{5EBD6640-0CBA-435D-BEBC-93182D18213D}.Release|x86.ActiveCfg = Release|x86
		{5EBD6640-0CBA-435D-BEBC-93182D18213D}.Release|x86.Build.0 = Release|x86
		{EF921460-97E4-4EF0-92D5-BD9ABA124022}.Debug|ARM64.ActiveCfg = Debug|ARM64
		{EF921460-97E4-4EF0-92D5-BD9ABA124022}.Debug|ARM64.Build.0 = Debug|ARM64
		{EF921460-97E4-4EF0-92D5-BD9ABA124022}.Debug|x64.ActiveCfg = Debug|x64
		{EF921460-97E4-4EF0-92D5-BD9ABA124022}.Debug|x64.Build.0 = Debug|x64
		{EF921460-97E4-4EF0-92D5-BD9ABA124022}.Debug|x86.ActiveCfg = Debug|x86
		{EF921460-97E4-4EF0-92D5-BD9ABA124022}.Debug|x86.Build.0 = Debug|x86
		{EF921460-97E4-4EF0-92D5-BD9ABA124022}.Release|ARM64.ActiveCfg = Release|ARM64
		{EF921460-97E4-4EF0-92D5-BD9ABA124022}.Release|ARM64.Build.0 = Release|ARM64
		{EF921460-97E4-4EF0-92D5-BD9ABA124022}.Release|x64.ActiveCfg = Release|x64
		{EF921460-97E4-4EF0-92D5-BD9ABA124022}.Release|x64.Build.0 = Release|x64
		{EF921460-97E4-4EF0-92D5-BD9ABA124022}.Release|x86.ActiveCfg = Release|x86
		{EF921460-97E4-4EF0-92D5-BD9ABA124022}.Release|x86.Build.0 = Release|x86
		{1118970F-0929-4D5F-BDB2-54B2EDF42EF6}.Debug|ARM64.ActiveCfg = Debug|ARM64
		{1118970F-0929-4D5F-BDB2-54B2EDF42EF6}.Debug|ARM64.Build.0 = Debug|ARM64
		{1118970F-0929-4D5F-BDB2-54B2EDF42EF6}.Debug|x64.ActiveCfg = Debug|x64
		{1118970F-0929-4D5F-BDB2-54B2EDF42EF6}.Debug|x64.Build.0 = Debug|x64
		{1118970F-0929-4D5F-BDB2-54B2EDF42EF6}.Debug|x86.ActiveCfg = Debug|x86
		{1118970F-0929-4D5F-BDB2-54B2EDF42EF6}.Debug|x86.Build.0 = Debug|x86
		{1118970F-0929-4D5F-BDB2-54B2EDF42EF6}.Release|ARM64.ActiveCfg = Release|ARM64
		{1118970F-0929-4D5F-BDB2-54B2EDF42EF6}.Release|ARM64.Build.0 = Release|ARM64
		{1118970F-0929-4D5F-BDB2-54B2EDF42EF6}.Release|x64.ActiveCfg = Release|x64
		{1118970F-0929-4D5F-BDB2-54B2EDF42EF6}.Release|x64.Build.0 = Release|x64
		{1118970F-0929-4D5F-BDB2-54B2EDF42EF6}.Release|x86.ActiveCfg = Release|x86
		{1118970F-0929-4D5F-BDB2-54B2EDF42EF6}.Release|x86.Build.0 = Release|x86
		{0A953795-5150-4B83-85F9-FB906C8A6297}.Debug|ARM64.ActiveCfg = Debug|ARM64
		{0A953795-5150-4B83-85F9-FB906C8A6297}.Debug|ARM64.Build.0 = Debug|ARM64
		{0A953795-5150-4B83-85F9-FB906C8A6297}.Debug|x64.ActiveCfg = Debug|x64
		{0A953795-5150-4B83-85F9-FB906C8A6297}.Debug|x64.Build.0 = Debug|x64
		{0A953795-5150-4B83-85F9-FB906C8A6297}.Debug|x86.ActiveCfg = Debug|x86
		{0A953795-5150-4B83-85F9-FB906C8A6297}.Debug|x86.Build.0 = Debug|x86
		{0A953795-5150-4B83-85F9-FB906C8A6297}.Release|ARM64.ActiveCfg = Release|ARM64
		{0A953795-5150-4B83-85F9-FB906C8A6297}.Release|ARM64.Build.0 = Release|ARM64
		{0A953795-5150-4B83-85F9-FB906C8A6297}.Release|x64.ActiveCfg = Release|x64
		{0A953795-5150-4B83-85F9-FB906C8A6297}.Release|x64.Build.0 = Release|x64
		{0A953795-5150-4B83-85F9-FB906C8A6297}.Release|x86.ActiveCfg = Release|x86
		{0A953795-5150-4B83-85F9-FB906C8A6297}.Release|x86.Build.0 = Release|x86
		{018433AB-F981-4625-8E23-6B3F22B7E5CF}.Debug|ARM64.ActiveCfg = Debug|x64
		{018433AB-F981-4625-8E23-6B3F22B7E5CF}.Debug|ARM64.Build.0 = Debug|x64
		{018433AB-F981-4625-8E23-6B3F22B7E5CF}.Debug|x64.ActiveCfg = Debug|x64
		{018433AB-F981-4625-8E23-6B3F22B7E5CF}.Debug|x64.Build.0 = Debug|x64
		{018433AB-F981-4625-8E23-6B3F22B7E5CF}.Debug|x86.ActiveCfg = Debug|Win32
		{018433AB-F981-4625-8E23-6B3F22B7E5CF}.Debug|x86.Build.0 = Debug|Win32
		{018433AB-F981-4625-8E23-6B3F22B7E5CF}.Release|ARM64.ActiveCfg = Release|x64
		{018433AB-F981-4625-8E23-6B3F22B7E5CF}.Release|ARM64.Build.0 = Release|x64
		{018433AB-F981-4625-8E23-6B3F22B7E5CF}.Release|x64.ActiveCfg = Release|x64
		{018433AB-F981-4625-8E23-6B3F22B7E5CF}.Release|x64.Build.0 = Release|x64
		{018433AB-F981-4625-8E23-6B3F22B7E5CF}.Release|x86.ActiveCfg = Release|Win32
		{018433AB-F981-4625-8E23-6B3F22B7E5CF}.Release|x86.Build.0 = Release|Win32
		{0972C789-7FA6-4ECC-A40B-71192B1BBF29}.Debug|ARM64.ActiveCfg = Debug|x64
		{0972C789-7FA6-4ECC-A40B-71192B1BBF29}.Debug|x64.ActiveCfg = Debug|x64
		{0972C789-7FA6-4ECC-A40B-71192B1BBF29}.Debug|x86.ActiveCfg = Debug|Win32
		{0972C789-7FA6-4ECC-A40B-71192B1BBF29}.Release|ARM64.ActiveCfg = Release|x64
		{0972C789-7FA6-4ECC-A40B-71192B1BBF29}.Release|x64.ActiveCfg = Release|x64
		{0972C789-7FA6-4ECC-A40B-71192B1BBF29}.Release|x86.ActiveCfg = Release|Win32
		{91C46976-B8F0-4573-9C71-C8077C259B88}.Debug|ARM64.ActiveCfg = Debug|Any CPU
		{91C46976-B8F0-4573-9C71-C8077C259B88}.Debug|x64.ActiveCfg = Debug|Any CPU
		{91C46976-B8F0-4573-9C71-C8077C259B88}.Debug|x86.ActiveCfg = Debug|Any CPU
		{91C46976-B8F0-4573-9C71-C8077C259B88}.Release|ARM64.ActiveCfg = Release|Any CPU
		{91C46976-B8F0-4573-9C71-C8077C259B88}.Release|x64.ActiveCfg = Release|Any CPU
		{91C46976-B8F0-4573-9C71-C8077C259B88}.Release|x86.ActiveCfg = Release|Any CPU
	EndGlobalSection
	GlobalSection(SolutionProperties) = preSolution
		HideSolutionNode = FALSE
	EndGlobalSection
	GlobalSection(ExtensibilityGlobals) = postSolution
		SolutionGuid = {E3EC35C1-B06B-42BF-BAF1-4AF0840DBB1A}
	EndGlobalSection
EndGlobal
